// !$*UTF8*$!
{
	archiveVersion = 1;
	classes = {
	};
	objectVersion = 46;
	objects = {

/* Begin PBXBuildFile section */
		9F09CF821D8817A80079E6FB /* Charts.framework in Frameworks */ = {isa = PBXBuildFile; fileRef = 9F09CF7B1D8817670079E6FB /* Charts.framework */; };
		9F09CF831D8817A80079E6FB /* Charts.framework in Embed Frameworks */ = {isa = PBXBuildFile; fileRef = 9F09CF7B1D8817670079E6FB /* Charts.framework */; settings = {ATTRIBUTES = (CodeSignOnCopy, RemoveHeadersOnCopy, ); }; };
		9F09CF881D8817C30079E6FB /* FicaFrio.swift in Sources */ = {isa = PBXBuildFile; fileRef = 9F09CF871D8817C30079E6FB /* FicaFrio.swift */; };
		AC93225B1D86C7DB000051B0 /* BD.m in Sources */ = {isa = PBXBuildFile; fileRef = AC93225A1D86C7DB000051B0 /* BD.m */; };
		AC93227C1D86EE15000051B0 /* Step+CoreDataProperties.m in Sources */ = {isa = PBXBuildFile; fileRef = AC9322791D86EE15000051B0 /* Step+CoreDataProperties.m */; };
		AC93227D1D86EE15000051B0 /* Step.m in Sources */ = {isa = PBXBuildFile; fileRef = AC93227B1D86EE15000051B0 /* Step.m */; };
		AC9322881D86F206000051B0 /* Goal+CoreDataProperties.m in Sources */ = {isa = PBXBuildFile; fileRef = AC9322851D86F206000051B0 /* Goal+CoreDataProperties.m */; };
		AC9322891D86F206000051B0 /* Goal.m in Sources */ = {isa = PBXBuildFile; fileRef = AC9322871D86F206000051B0 /* Goal.m */; };
		D41384731D88489F00281B48 /* SF-Compact-Display-Thin.otf in Resources */ = {isa = PBXBuildFile; fileRef = D41384701D88489F00281B48 /* SF-Compact-Display-Thin.otf */; };
		D41384741D88489F00281B48 /* SF-Compact-Display-Light.otf in Resources */ = {isa = PBXBuildFile; fileRef = D41384711D88489F00281B48 /* SF-Compact-Display-Light.otf */; };
		D41384751D88489F00281B48 /* SF-Compact-Display-Regular.otf in Resources */ = {isa = PBXBuildFile; fileRef = D41384721D88489F00281B48 /* SF-Compact-Display-Regular.otf */; };
		D41A6BAB1D871BB30074FA39 /* Main.storyboard in Resources */ = {isa = PBXBuildFile; fileRef = D41A6BA91D871BB30074FA39 /* Main.storyboard */; };
		D4BBC13A1D7EF7BB0058615A /* main.m in Sources */ = {isa = PBXBuildFile; fileRef = D4BBC1391D7EF7BB0058615A /* main.m */; };
		D4BBC13D1D7EF7BB0058615A /* AppDelegate.m in Sources */ = {isa = PBXBuildFile; fileRef = D4BBC13C1D7EF7BB0058615A /* AppDelegate.m */; };
		D4BBC1461D7EF7BB0058615A /* FicaFrio.xcdatamodeld in Sources */ = {isa = PBXBuildFile; fileRef = D4BBC1441D7EF7BB0058615A /* FicaFrio.xcdatamodeld */; };
		D4BBC1481D7EF7BB0058615A /* Assets.xcassets in Resources */ = {isa = PBXBuildFile; fileRef = D4BBC1471D7EF7BB0058615A /* Assets.xcassets */; };
		D4BBC14B1D7EF7BB0058615A /* LaunchScreen.storyboard in Resources */ = {isa = PBXBuildFile; fileRef = D4BBC1491D7EF7BB0058615A /* LaunchScreen.storyboard */; };
		D4BBC15B1D7F02AC0058615A /* CurrentStepViewController.m in Sources */ = {isa = PBXBuildFile; fileRef = D4BBC15A1D7F02AC0058615A /* CurrentStepViewController.m */; };
		D4BBC15E1D7F033F0058615A /* GoalFeedbackViewController.m in Sources */ = {isa = PBXBuildFile; fileRef = D4BBC15D1D7F033F0058615A /* GoalFeedbackViewController.m */; };
		D4BBC1611D7F03630058615A /* FeedbackViewController.m in Sources */ = {isa = PBXBuildFile; fileRef = D4BBC1601D7F03630058615A /* FeedbackViewController.m */; };
		D4BBC1671D7F0AC50058615A /* SetStepsViewController.m in Sources */ = {isa = PBXBuildFile; fileRef = D4BBC1661D7F0AC50058615A /* SetStepsViewController.m */; };
		D4BBC16D1D7F0DB80058615A /* SetGoalViewController.swift in Sources */ = {isa = PBXBuildFile; fileRef = D4BBC16C1D7F0DB80058615A /* SetGoalViewController.swift */; };
		D4BBC16F1D7F0DC30058615A /* HomeViewController.swift in Sources */ = {isa = PBXBuildFile; fileRef = D4BBC16E1D7F0DC30058615A /* HomeViewController.swift */; };
		D4BBC1711D7F0DD30058615A /* RelaxViewController.swift in Sources */ = {isa = PBXBuildFile; fileRef = D4BBC1701D7F0DD30058615A /* RelaxViewController.swift */; };
		D4BBC1A21D81B12E0058615A /* Animation.m in Sources */ = {isa = PBXBuildFile; fileRef = D4BBC1A11D81B12E0058615A /* Animation.m */; };
		D4E76D751D830FC1006F7203 /* respiracao.gif in Resources */ = {isa = PBXBuildFile; fileRef = D4E76D741D830FC1006F7203 /* respiracao.gif */; };
		D4E76D771D8310B0006F7203 /* GIFExtension.swift in Sources */ = {isa = PBXBuildFile; fileRef = D4E76D761D8310B0006F7203 /* GIFExtension.swift */; };
/* End PBXBuildFile section */

/* Begin PBXContainerItemProxy section */
		9F09CF7A1D8817670079E6FB /* PBXContainerItemProxy */ = {
			isa = PBXContainerItemProxy;
			containerPortal = 9F09CF731D8817670079E6FB /* Charts.xcodeproj */;
			proxyType = 2;
			remoteGlobalIDString = 5BA8EC401A9D14DC00CE82E1;
			remoteInfo = "Charts-iOS";
		};
		9F09CF7C1D8817670079E6FB /* PBXContainerItemProxy */ = {
			isa = PBXContainerItemProxy;
			containerPortal = 9F09CF731D8817670079E6FB /* Charts.xcodeproj */;
			proxyType = 2;
			remoteGlobalIDString = A52C5C371BAC5CA400594CDD;
			remoteInfo = "Charts-TV";
		};
		9F09CF7E1D8817670079E6FB /* PBXContainerItemProxy */ = {
			isa = PBXContainerItemProxy;
			containerPortal = 9F09CF731D8817670079E6FB /* Charts.xcodeproj */;
			proxyType = 2;
			remoteGlobalIDString = 65B3F5BF1C7370BE000983D0;
			remoteInfo = "Charts-OSX";
		};
		9F09CF801D8817670079E6FB /* PBXContainerItemProxy */ = {
			isa = PBXContainerItemProxy;
			containerPortal = 9F09CF731D8817670079E6FB /* Charts.xcodeproj */;
			proxyType = 2;
			remoteGlobalIDString = 06AEE7A21BDC3F8B009875AE;
			remoteInfo = ChartsTests;
		};
		9F09CF841D8817A80079E6FB /* PBXContainerItemProxy */ = {
			isa = PBXContainerItemProxy;
			containerPortal = 9F09CF731D8817670079E6FB /* Charts.xcodeproj */;
			proxyType = 1;
			remoteGlobalIDString = 5BA8EC3F1A9D14DC00CE82E1;
			remoteInfo = "Charts-iOS";
		};
/* End PBXContainerItemProxy section */

/* Begin PBXCopyFilesBuildPhase section */
		9F09CF861D8817A80079E6FB /* Embed Frameworks */ = {
			isa = PBXCopyFilesBuildPhase;
			buildActionMask = 2147483647;
			dstPath = "";
			dstSubfolderSpec = 10;
			files = (
				9F09CF831D8817A80079E6FB /* Charts.framework in Embed Frameworks */,
			);
			name = "Embed Frameworks";
			runOnlyForDeploymentPostprocessing = 0;
		};
/* End PBXCopyFilesBuildPhase section */

/* Begin PBXFileReference section */
		9F09CF731D8817670079E6FB /* Charts.xcodeproj */ = {isa = PBXFileReference; lastKnownFileType = "wrapper.pb-project"; name = Charts.xcodeproj; path = ChartsFramework/Charts.xcodeproj; sourceTree = "<group>"; };
		9F09CF871D8817C30079E6FB /* FicaFrio.swift */ = {isa = PBXFileReference; fileEncoding = 4; lastKnownFileType = sourcecode.swift; path = FicaFrio.swift; sourceTree = SOURCE_ROOT; };
		AC9322591D86C7DB000051B0 /* BD.h */ = {isa = PBXFileReference; fileEncoding = 4; lastKnownFileType = sourcecode.c.h; path = BD.h; sourceTree = "<group>"; };
		AC93225A1D86C7DB000051B0 /* BD.m */ = {isa = PBXFileReference; fileEncoding = 4; lastKnownFileType = sourcecode.c.objc; path = BD.m; sourceTree = "<group>"; };
		AC9322781D86EE15000051B0 /* Step+CoreDataProperties.h */ = {isa = PBXFileReference; fileEncoding = 4; lastKnownFileType = sourcecode.c.h; name = "Step+CoreDataProperties.h"; path = "../Step+CoreDataProperties.h"; sourceTree = "<group>"; };
		AC9322791D86EE15000051B0 /* Step+CoreDataProperties.m */ = {isa = PBXFileReference; fileEncoding = 4; lastKnownFileType = sourcecode.c.objc; name = "Step+CoreDataProperties.m"; path = "../Step+CoreDataProperties.m"; sourceTree = "<group>"; };
		AC93227A1D86EE15000051B0 /* Step.h */ = {isa = PBXFileReference; fileEncoding = 4; lastKnownFileType = sourcecode.c.h; name = Step.h; path = ../Step.h; sourceTree = "<group>"; };
		AC93227B1D86EE15000051B0 /* Step.m */ = {isa = PBXFileReference; fileEncoding = 4; lastKnownFileType = sourcecode.c.objc; name = Step.m; path = ../Step.m; sourceTree = "<group>"; };
		AC9322841D86F206000051B0 /* Goal+CoreDataProperties.h */ = {isa = PBXFileReference; fileEncoding = 4; lastKnownFileType = sourcecode.c.h; name = "Goal+CoreDataProperties.h"; path = "../Goal+CoreDataProperties.h"; sourceTree = "<group>"; };
		AC9322851D86F206000051B0 /* Goal+CoreDataProperties.m */ = {isa = PBXFileReference; fileEncoding = 4; lastKnownFileType = sourcecode.c.objc; name = "Goal+CoreDataProperties.m"; path = "../Goal+CoreDataProperties.m"; sourceTree = "<group>"; };
		AC9322861D86F206000051B0 /* Goal.h */ = {isa = PBXFileReference; fileEncoding = 4; lastKnownFileType = sourcecode.c.h; name = Goal.h; path = ../Goal.h; sourceTree = "<group>"; };
		AC9322871D86F206000051B0 /* Goal.m */ = {isa = PBXFileReference; fileEncoding = 4; lastKnownFileType = sourcecode.c.objc; name = Goal.m; path = ../Goal.m; sourceTree = "<group>"; };
		D41384701D88489F00281B48 /* SF-Compact-Display-Thin.otf */ = {isa = PBXFileReference; lastKnownFileType = file; path = "SF-Compact-Display-Thin.otf"; sourceTree = "<group>"; };
		D41384711D88489F00281B48 /* SF-Compact-Display-Light.otf */ = {isa = PBXFileReference; lastKnownFileType = file; path = "SF-Compact-Display-Light.otf"; sourceTree = "<group>"; };
		D41384721D88489F00281B48 /* SF-Compact-Display-Regular.otf */ = {isa = PBXFileReference; lastKnownFileType = file; path = "SF-Compact-Display-Regular.otf"; sourceTree = "<group>"; };
		D41A6BAA1D871BB30074FA39 /* Base */ = {isa = PBXFileReference; lastKnownFileType = file.storyboard; name = Base; path = Base.lproj/Main.storyboard; sourceTree = "<group>"; };
		D4BBC1351D7EF7BB0058615A /* FicaFrio.app */ = {isa = PBXFileReference; explicitFileType = wrapper.application; includeInIndex = 0; path = FicaFrio.app; sourceTree = BUILT_PRODUCTS_DIR; };
		D4BBC1391D7EF7BB0058615A /* main.m */ = {isa = PBXFileReference; lastKnownFileType = sourcecode.c.objc; path = main.m; sourceTree = "<group>"; };
		D4BBC13B1D7EF7BB0058615A /* AppDelegate.h */ = {isa = PBXFileReference; lastKnownFileType = sourcecode.c.h; path = AppDelegate.h; sourceTree = "<group>"; };
		D4BBC13C1D7EF7BB0058615A /* AppDelegate.m */ = {isa = PBXFileReference; lastKnownFileType = sourcecode.c.objc; path = AppDelegate.m; sourceTree = "<group>"; };
		D4BBC1451D7EF7BB0058615A /* FicaFrio.xcdatamodel */ = {isa = PBXFileReference; lastKnownFileType = wrapper.xcdatamodel; path = FicaFrio.xcdatamodel; sourceTree = "<group>"; };
		D4BBC1471D7EF7BB0058615A /* Assets.xcassets */ = {isa = PBXFileReference; lastKnownFileType = folder.assetcatalog; path = Assets.xcassets; sourceTree = "<group>"; };
		D4BBC14A1D7EF7BB0058615A /* Base */ = {isa = PBXFileReference; lastKnownFileType = file.storyboard; name = Base; path = Base.lproj/LaunchScreen.storyboard; sourceTree = "<group>"; };
		D4BBC14C1D7EF7BB0058615A /* Info.plist */ = {isa = PBXFileReference; lastKnownFileType = text.plist.xml; path = Info.plist; sourceTree = "<group>"; };
		D4BBC1591D7F02AC0058615A /* CurrentStepViewController.h */ = {isa = PBXFileReference; fileEncoding = 4; lastKnownFileType = sourcecode.c.h; path = CurrentStepViewController.h; sourceTree = "<group>"; };
		D4BBC15A1D7F02AC0058615A /* CurrentStepViewController.m */ = {isa = PBXFileReference; fileEncoding = 4; lastKnownFileType = sourcecode.c.objc; path = CurrentStepViewController.m; sourceTree = "<group>"; };
		D4BBC15C1D7F033F0058615A /* GoalFeedbackViewController.h */ = {isa = PBXFileReference; fileEncoding = 4; lastKnownFileType = sourcecode.c.h; path = GoalFeedbackViewController.h; sourceTree = "<group>"; };
		D4BBC15D1D7F033F0058615A /* GoalFeedbackViewController.m */ = {isa = PBXFileReference; fileEncoding = 4; lastKnownFileType = sourcecode.c.objc; path = GoalFeedbackViewController.m; sourceTree = "<group>"; };
		D4BBC15F1D7F03630058615A /* FeedbackViewController.h */ = {isa = PBXFileReference; fileEncoding = 4; lastKnownFileType = sourcecode.c.h; path = FeedbackViewController.h; sourceTree = "<group>"; };
		D4BBC1601D7F03630058615A /* FeedbackViewController.m */ = {isa = PBXFileReference; fileEncoding = 4; lastKnownFileType = sourcecode.c.objc; path = FeedbackViewController.m; sourceTree = "<group>"; };
		D4BBC1621D7F0A6C0058615A /* FicaFrio-Bridging-Header.h */ = {isa = PBXFileReference; lastKnownFileType = sourcecode.c.h; path = "FicaFrio-Bridging-Header.h"; sourceTree = "<group>"; };
		D4BBC1651D7F0AC50058615A /* SetStepsViewController.h */ = {isa = PBXFileReference; fileEncoding = 4; lastKnownFileType = sourcecode.c.h; path = SetStepsViewController.h; sourceTree = "<group>"; };
		D4BBC1661D7F0AC50058615A /* SetStepsViewController.m */ = {isa = PBXFileReference; fileEncoding = 4; lastKnownFileType = sourcecode.c.objc; path = SetStepsViewController.m; sourceTree = "<group>"; };
		D4BBC16C1D7F0DB80058615A /* SetGoalViewController.swift */ = {isa = PBXFileReference; fileEncoding = 4; lastKnownFileType = sourcecode.swift; path = SetGoalViewController.swift; sourceTree = "<group>"; };
		D4BBC16E1D7F0DC30058615A /* HomeViewController.swift */ = {isa = PBXFileReference; fileEncoding = 4; lastKnownFileType = sourcecode.swift; path = HomeViewController.swift; sourceTree = "<group>"; };
		D4BBC1701D7F0DD30058615A /* RelaxViewController.swift */ = {isa = PBXFileReference; fileEncoding = 4; lastKnownFileType = sourcecode.swift; path = RelaxViewController.swift; sourceTree = "<group>"; };
		D4BBC1A01D81B12E0058615A /* Animation.h */ = {isa = PBXFileReference; fileEncoding = 4; lastKnownFileType = sourcecode.c.h; path = Animation.h; sourceTree = "<group>"; };
		D4BBC1A11D81B12E0058615A /* Animation.m */ = {isa = PBXFileReference; fileEncoding = 4; lastKnownFileType = sourcecode.c.objc; path = Animation.m; sourceTree = "<group>"; };
		D4E76D741D830FC1006F7203 /* respiracao.gif */ = {isa = PBXFileReference; lastKnownFileType = image.gif; path = respiracao.gif; sourceTree = "<group>"; };
		D4E76D761D8310B0006F7203 /* GIFExtension.swift */ = {isa = PBXFileReference; fileEncoding = 4; lastKnownFileType = sourcecode.swift; path = GIFExtension.swift; sourceTree = "<group>"; };
/* End PBXFileReference section */

/* Begin PBXFrameworksBuildPhase section */
		D4BBC1321D7EF7BB0058615A /* Frameworks */ = {
			isa = PBXFrameworksBuildPhase;
			buildActionMask = 2147483647;
			files = (
				9F09CF821D8817A80079E6FB /* Charts.framework in Frameworks */,
			);
			runOnlyForDeploymentPostprocessing = 0;
		};
/* End PBXFrameworksBuildPhase section */

/* Begin PBXGroup section */
		9F09CF741D8817670079E6FB /* Products */ = {
			isa = PBXGroup;
			children = (
				9F09CF7B1D8817670079E6FB /* Charts.framework */,
				9F09CF7D1D8817670079E6FB /* Charts.framework */,
				9F09CF7F1D8817670079E6FB /* Charts.framework */,
				9F09CF811D8817670079E6FB /* ChartsTests.xctest */,
			);
			name = Products;
			sourceTree = "<group>";
		};
		AC93226E1D86D1DE000051B0 /* Database */ = {
			isa = PBXGroup;
			children = (
				AC9322591D86C7DB000051B0 /* BD.h */,
				AC93225A1D86C7DB000051B0 /* BD.m */,
				AC9322841D86F206000051B0 /* Goal+CoreDataProperties.h */,
				AC9322851D86F206000051B0 /* Goal+CoreDataProperties.m */,
				AC9322861D86F206000051B0 /* Goal.h */,
				AC9322871D86F206000051B0 /* Goal.m */,
				AC9322781D86EE15000051B0 /* Step+CoreDataProperties.h */,
				AC9322791D86EE15000051B0 /* Step+CoreDataProperties.m */,
				AC93227A1D86EE15000051B0 /* Step.h */,
				AC93227B1D86EE15000051B0 /* Step.m */,
			);
			name = Database;
			sourceTree = "<group>";
		};
		D4BBC12C1D7EF7BA0058615A = {
			isa = PBXGroup;
			children = (
				D41384701D88489F00281B48 /* SF-Compact-Display-Thin.otf */,
				D41384711D88489F00281B48 /* SF-Compact-Display-Light.otf */,
				D41384721D88489F00281B48 /* SF-Compact-Display-Regular.otf */,
				9F09CF731D8817670079E6FB /* Charts.xcodeproj */,
				D4BBC1371D7EF7BB0058615A /* FicaFrio */,
				D4BBC1361D7EF7BB0058615A /* Products */,
				D4BBC1621D7F0A6C0058615A /* FicaFrio-Bridging-Header.h */,
			);
			sourceTree = "<group>";
		};
		D4BBC1361D7EF7BB0058615A /* Products */ = {
			isa = PBXGroup;
			children = (
				D4BBC1351D7EF7BB0058615A /* FicaFrio.app */,
			);
			name = Products;
			sourceTree = "<group>";
		};
		D4BBC1371D7EF7BB0058615A /* FicaFrio */ = {
			isa = PBXGroup;
			children = (
				D4BBC13B1D7EF7BB0058615A /* AppDelegate.h */,
				D4BBC13C1D7EF7BB0058615A /* AppDelegate.m */,
				D4BBC1701D7F0DD30058615A /* RelaxViewController.swift */,
				D4E76D761D8310B0006F7203 /* GIFExtension.swift */,
				D4E76D741D830FC1006F7203 /* respiracao.gif */,
				D4BBC1581D7F023F0058615A /* Screen */,
				D4BBC1571D7F01B70058615A /* Set Screens */,
				D4BBC1A41D81B1450058615A /* Animation */,
				D41A6BA91D871BB30074FA39 /* Main.storyboard */,
				D4BBC1471D7EF7BB0058615A /* Assets.xcassets */,
				D4BBC1491D7EF7BB0058615A /* LaunchScreen.storyboard */,
				D4BBC14C1D7EF7BB0058615A /* Info.plist */,
				D4BBC1441D7EF7BB0058615A /* FicaFrio.xcdatamodeld */,
				AC93226E1D86D1DE000051B0 /* Database */,
				D4BBC1381D7EF7BB0058615A /* Supporting Files */,
			);
			path = FicaFrio;
			sourceTree = "<group>";
		};
		D4BBC1381D7EF7BB0058615A /* Supporting Files */ = {
			isa = PBXGroup;
			children = (
				9F09CF871D8817C30079E6FB /* FicaFrio.swift */,
				D4BBC1391D7EF7BB0058615A /* main.m */,
			);
			name = "Supporting Files";
			sourceTree = "<group>";
		};
		D4BBC1571D7F01B70058615A /* Set Screens */ = {
			isa = PBXGroup;
			children = (
				D4BBC16E1D7F0DC30058615A /* HomeViewController.swift */,
				D4BBC1651D7F0AC50058615A /* SetStepsViewController.h */,
				D4BBC1661D7F0AC50058615A /* SetStepsViewController.m */,
				D4BBC16C1D7F0DB80058615A /* SetGoalViewController.swift */,
			);
			name = "Set Screens";
			sourceTree = "<group>";
		};
		D4BBC1581D7F023F0058615A /* Screen */ = {
			isa = PBXGroup;
			children = (
				D4BBC1591D7F02AC0058615A /* CurrentStepViewController.h */,
				D4BBC15A1D7F02AC0058615A /* CurrentStepViewController.m */,
				D4BBC15C1D7F033F0058615A /* GoalFeedbackViewController.h */,
				D4BBC15D1D7F033F0058615A /* GoalFeedbackViewController.m */,
				D4BBC15F1D7F03630058615A /* FeedbackViewController.h */,
				D4BBC1601D7F03630058615A /* FeedbackViewController.m */,
			);
			name = Screen;
			sourceTree = "<group>";
		};
		D4BBC1A41D81B1450058615A /* Animation */ = {
			isa = PBXGroup;
			children = (
				D4BBC1A01D81B12E0058615A /* Animation.h */,
				D4BBC1A11D81B12E0058615A /* Animation.m */,
			);
			name = Animation;
			sourceTree = "<group>";
		};
/* End PBXGroup section */

/* Begin PBXNativeTarget section */
		D4BBC1341D7EF7BB0058615A /* FicaFrio */ = {
			isa = PBXNativeTarget;
			buildConfigurationList = D4BBC14F1D7EF7BB0058615A /* Build configuration list for PBXNativeTarget "FicaFrio" */;
			buildPhases = (
				D4BBC1311D7EF7BB0058615A /* Sources */,
				D4BBC1321D7EF7BB0058615A /* Frameworks */,
				D4BBC1331D7EF7BB0058615A /* Resources */,
				9F09CF861D8817A80079E6FB /* Embed Frameworks */,
			);
			buildRules = (
			);
			dependencies = (
				9F09CF851D8817A80079E6FB /* PBXTargetDependency */,
			);
			name = FicaFrio;
			productName = FicaFrio;
			productReference = D4BBC1351D7EF7BB0058615A /* FicaFrio.app */;
			productType = "com.apple.product-type.application";
		};
/* End PBXNativeTarget section */

/* Begin PBXProject section */
		D4BBC12D1D7EF7BB0058615A /* Project object */ = {
			isa = PBXProject;
			attributes = {
				LastUpgradeCheck = 0730;
				ORGANIZATIONNAME = PokeGroup;
				TargetAttributes = {
					D4BBC1341D7EF7BB0058615A = {
						CreatedOnToolsVersion = 7.3.1;
						DevelopmentTeam = AXFHUW5386;
						LastSwiftMigration = 0800;
					};
				};
			};
			buildConfigurationList = D4BBC1301D7EF7BB0058615A /* Build configuration list for PBXProject "FicaFrio" */;
			compatibilityVersion = "Xcode 3.2";
			developmentRegion = English;
			hasScannedForEncodings = 0;
			knownRegions = (
				en,
				Base,
			);
			mainGroup = D4BBC12C1D7EF7BA0058615A;
			productRefGroup = D4BBC1361D7EF7BB0058615A /* Products */;
			projectDirPath = "";
			projectReferences = (
				{
					ProductGroup = 9F09CF741D8817670079E6FB /* Products */;
					ProjectRef = 9F09CF731D8817670079E6FB /* Charts.xcodeproj */;
				},
			);
			projectRoot = "";
			targets = (
				D4BBC1341D7EF7BB0058615A /* FicaFrio */,
			);
		};
/* End PBXProject section */

/* Begin PBXReferenceProxy section */
		9F09CF7B1D8817670079E6FB /* Charts.framework */ = {
			isa = PBXReferenceProxy;
			fileType = wrapper.framework;
			path = Charts.framework;
			remoteRef = 9F09CF7A1D8817670079E6FB /* PBXContainerItemProxy */;
			sourceTree = BUILT_PRODUCTS_DIR;
		};
		9F09CF7D1D8817670079E6FB /* Charts.framework */ = {
			isa = PBXReferenceProxy;
			fileType = wrapper.framework;
			path = Charts.framework;
			remoteRef = 9F09CF7C1D8817670079E6FB /* PBXContainerItemProxy */;
			sourceTree = BUILT_PRODUCTS_DIR;
		};
		9F09CF7F1D8817670079E6FB /* Charts.framework */ = {
			isa = PBXReferenceProxy;
			fileType = wrapper.framework;
			path = Charts.framework;
			remoteRef = 9F09CF7E1D8817670079E6FB /* PBXContainerItemProxy */;
			sourceTree = BUILT_PRODUCTS_DIR;
		};
		9F09CF811D8817670079E6FB /* ChartsTests.xctest */ = {
			isa = PBXReferenceProxy;
			fileType = wrapper.cfbundle;
			path = ChartsTests.xctest;
			remoteRef = 9F09CF801D8817670079E6FB /* PBXContainerItemProxy */;
			sourceTree = BUILT_PRODUCTS_DIR;
		};
/* End PBXReferenceProxy section */

/* Begin PBXResourcesBuildPhase section */
		D4BBC1331D7EF7BB0058615A /* Resources */ = {
			isa = PBXResourcesBuildPhase;
			buildActionMask = 2147483647;
			files = (
				D41384731D88489F00281B48 /* SF-Compact-Display-Thin.otf in Resources */,
				D41384741D88489F00281B48 /* SF-Compact-Display-Light.otf in Resources */,
				D41384751D88489F00281B48 /* SF-Compact-Display-Regular.otf in Resources */,
				D4BBC14B1D7EF7BB0058615A /* LaunchScreen.storyboard in Resources */,
				D4BBC1481D7EF7BB0058615A /* Assets.xcassets in Resources */,
				D4E76D751D830FC1006F7203 /* respiracao.gif in Resources */,
				D41A6BAB1D871BB30074FA39 /* Main.storyboard in Resources */,
			);
			runOnlyForDeploymentPostprocessing = 0;
		};
/* End PBXResourcesBuildPhase section */

/* Begin PBXSourcesBuildPhase section */
		D4BBC1311D7EF7BB0058615A /* Sources */ = {
			isa = PBXSourcesBuildPhase;
			buildActionMask = 2147483647;
			files = (
				D4BBC1671D7F0AC50058615A /* SetStepsViewController.m in Sources */,
				AC93227D1D86EE15000051B0 /* Step.m in Sources */,
				AC9322881D86F206000051B0 /* Goal+CoreDataProperties.m in Sources */,
				D4BBC1461D7EF7BB0058615A /* FicaFrio.xcdatamodeld in Sources */,
				D4BBC15E1D7F033F0058615A /* GoalFeedbackViewController.m in Sources */,
				D4BBC13D1D7EF7BB0058615A /* AppDelegate.m in Sources */,
				D4E76D771D8310B0006F7203 /* GIFExtension.swift in Sources */,
				D4BBC16D1D7F0DB80058615A /* SetGoalViewController.swift in Sources */,
				AC9322891D86F206000051B0 /* Goal.m in Sources */,
				D4BBC15B1D7F02AC0058615A /* CurrentStepViewController.m in Sources */,
				9F09CF881D8817C30079E6FB /* FicaFrio.swift in Sources */,
				D4BBC16F1D7F0DC30058615A /* HomeViewController.swift in Sources */,
				D4BBC1A21D81B12E0058615A /* Animation.m in Sources */,
				AC93227C1D86EE15000051B0 /* Step+CoreDataProperties.m in Sources */,
				AC93225B1D86C7DB000051B0 /* BD.m in Sources */,
				D4BBC13A1D7EF7BB0058615A /* main.m in Sources */,
				D4BBC1711D7F0DD30058615A /* RelaxViewController.swift in Sources */,
				D4BBC1611D7F03630058615A /* FeedbackViewController.m in Sources */,
			);
			runOnlyForDeploymentPostprocessing = 0;
		};
/* End PBXSourcesBuildPhase section */

/* Begin PBXTargetDependency section */
		9F09CF851D8817A80079E6FB /* PBXTargetDependency */ = {
			isa = PBXTargetDependency;
			name = "Charts-iOS";
			targetProxy = 9F09CF841D8817A80079E6FB /* PBXContainerItemProxy */;
		};
/* End PBXTargetDependency section */

/* Begin PBXVariantGroup section */
		D41A6BA91D871BB30074FA39 /* Main.storyboard */ = {
			isa = PBXVariantGroup;
			children = (
				D41A6BAA1D871BB30074FA39 /* Base */,
			);
			name = Main.storyboard;
			sourceTree = "<group>";
		};
		D4BBC1491D7EF7BB0058615A /* LaunchScreen.storyboard */ = {
			isa = PBXVariantGroup;
			children = (
				D4BBC14A1D7EF7BB0058615A /* Base */,
			);
			name = LaunchScreen.storyboard;
			sourceTree = "<group>";
		};
/* End PBXVariantGroup section */

/* Begin XCBuildConfiguration section */
		D4BBC14D1D7EF7BB0058615A /* Debug */ = {
			isa = XCBuildConfiguration;
			buildSettings = {
				ALWAYS_SEARCH_USER_PATHS = NO;
				CLANG_ANALYZER_NONNULL = YES;
				CLANG_CXX_LANGUAGE_STANDARD = "gnu++0x";
				CLANG_CXX_LIBRARY = "libc++";
				CLANG_ENABLE_MODULES = YES;
				CLANG_ENABLE_OBJC_ARC = YES;
				CLANG_WARN_BOOL_CONVERSION = YES;
				CLANG_WARN_CONSTANT_CONVERSION = YES;
				CLANG_WARN_DIRECT_OBJC_ISA_USAGE = YES_ERROR;
				CLANG_WARN_EMPTY_BODY = YES;
				CLANG_WARN_ENUM_CONVERSION = YES;
				CLANG_WARN_INT_CONVERSION = YES;
				CLANG_WARN_OBJC_ROOT_CLASS = YES_ERROR;
				CLANG_WARN_UNREACHABLE_CODE = YES;
				CLANG_WARN__DUPLICATE_METHOD_MATCH = YES;
				"CODE_SIGN_IDENTITY[sdk=iphoneos*]" = "iPhone Developer";
				COPY_PHASE_STRIP = NO;
				DEBUG_INFORMATION_FORMAT = dwarf;
				ENABLE_STRICT_OBJC_MSGSEND = YES;
				ENABLE_TESTABILITY = YES;
				GCC_C_LANGUAGE_STANDARD = gnu99;
				GCC_DYNAMIC_NO_PIC = NO;
				GCC_NO_COMMON_BLOCKS = YES;
				GCC_OPTIMIZATION_LEVEL = 0;
				GCC_PREPROCESSOR_DEFINITIONS = (
					"DEBUG=1",
					"$(inherited)",
				);
				GCC_WARN_64_TO_32_BIT_CONVERSION = YES;
				GCC_WARN_ABOUT_RETURN_TYPE = YES_ERROR;
				GCC_WARN_UNDECLARED_SELECTOR = YES;
				GCC_WARN_UNINITIALIZED_AUTOS = YES_AGGRESSIVE;
				GCC_WARN_UNUSED_FUNCTION = YES;
				GCC_WARN_UNUSED_VARIABLE = YES;
				IPHONEOS_DEPLOYMENT_TARGET = 9.3;
				MTL_ENABLE_DEBUG_INFO = YES;
				ONLY_ACTIVE_ARCH = YES;
				SDKROOT = iphoneos;
				TARGETED_DEVICE_FAMILY = "1,2";
			};
			name = Debug;
		};
		D4BBC14E1D7EF7BB0058615A /* Release */ = {
			isa = XCBuildConfiguration;
			buildSettings = {
				ALWAYS_SEARCH_USER_PATHS = NO;
				CLANG_ANALYZER_NONNULL = YES;
				CLANG_CXX_LANGUAGE_STANDARD = "gnu++0x";
				CLANG_CXX_LIBRARY = "libc++";
				CLANG_ENABLE_MODULES = YES;
				CLANG_ENABLE_OBJC_ARC = YES;
				CLANG_WARN_BOOL_CONVERSION = YES;
				CLANG_WARN_CONSTANT_CONVERSION = YES;
				CLANG_WARN_DIRECT_OBJC_ISA_USAGE = YES_ERROR;
				CLANG_WARN_EMPTY_BODY = YES;
				CLANG_WARN_ENUM_CONVERSION = YES;
				CLANG_WARN_INT_CONVERSION = YES;
				CLANG_WARN_OBJC_ROOT_CLASS = YES_ERROR;
				CLANG_WARN_UNREACHABLE_CODE = YES;
				CLANG_WARN__DUPLICATE_METHOD_MATCH = YES;
				"CODE_SIGN_IDENTITY[sdk=iphoneos*]" = "iPhone Developer";
				COPY_PHASE_STRIP = NO;
				DEBUG_INFORMATION_FORMAT = "dwarf-with-dsym";
				ENABLE_NS_ASSERTIONS = NO;
				ENABLE_STRICT_OBJC_MSGSEND = YES;
				GCC_C_LANGUAGE_STANDARD = gnu99;
				GCC_NO_COMMON_BLOCKS = YES;
				GCC_WARN_64_TO_32_BIT_CONVERSION = YES;
				GCC_WARN_ABOUT_RETURN_TYPE = YES_ERROR;
				GCC_WARN_UNDECLARED_SELECTOR = YES;
				GCC_WARN_UNINITIALIZED_AUTOS = YES_AGGRESSIVE;
				GCC_WARN_UNUSED_FUNCTION = YES;
				GCC_WARN_UNUSED_VARIABLE = YES;
				IPHONEOS_DEPLOYMENT_TARGET = 9.3;
				MTL_ENABLE_DEBUG_INFO = NO;
				SDKROOT = iphoneos;
				TARGETED_DEVICE_FAMILY = "1,2";
				VALIDATE_PRODUCT = YES;
			};
			name = Release;
		};
		D4BBC1501D7EF7BB0058615A /* Debug */ = {
			isa = XCBuildConfiguration;
			buildSettings = {
				ASSETCATALOG_COMPILER_APPICON_NAME = AppIcon;
				CLANG_ENABLE_MODULES = YES;
				CODE_SIGN_IDENTITY = "iPhone Developer";
				"CODE_SIGN_IDENTITY[sdk=iphoneos*]" = "iPhone Developer";
				DEFINES_MODULE = YES;
				EMBEDDED_CONTENT_CONTAINS_SWIFT = YES;
				INFOPLIST_FILE = FicaFrio/Info.plist;
				LD_RUNPATH_SEARCH_PATHS = "$(inherited) @executable_path/Frameworks";
				PRODUCT_BUNDLE_IDENTIFIER = BEPiD.FicaFrio;
				PRODUCT_MODULE_NAME = FicaFrio;
				PRODUCT_NAME = "$(TARGET_NAME)";
				PROVISIONING_PROFILE = "";
				SWIFT_OBJC_BRIDGING_HEADER = "FicaFrio-Bridging-Header.h";
				SWIFT_OPTIMIZATION_LEVEL = "-Onone";
				SWIFT_VERSION = 2.3;
				TARGETED_DEVICE_FAMILY = "1,2";
			};
			name = Debug;
		};
		D4BBC1511D7EF7BB0058615A /* Release */ = {
			isa = XCBuildConfiguration;
			buildSettings = {
				ASSETCATALOG_COMPILER_APPICON_NAME = AppIcon;
				CLANG_ENABLE_MODULES = YES;
				CODE_SIGN_IDENTITY = "iPhone Developer";
				"CODE_SIGN_IDENTITY[sdk=iphoneos*]" = "iPhone Developer";
				DEFINES_MODULE = YES;
				EMBEDDED_CONTENT_CONTAINS_SWIFT = YES;
				INFOPLIST_FILE = FicaFrio/Info.plist;
				LD_RUNPATH_SEARCH_PATHS = "$(inherited) @executable_path/Frameworks";
				PRODUCT_BUNDLE_IDENTIFIER = BEPiD.FicaFrio;
				PRODUCT_MODULE_NAME = FicaFrio;
				PRODUCT_NAME = "$(TARGET_NAME)";
				PROVISIONING_PROFILE = "";
				SWIFT_OBJC_BRIDGING_HEADER = "FicaFrio-Bridging-Header.h";
				SWIFT_VERSION = 2.3;
				TARGETED_DEVICE_FAMILY = "1,2";
			};
			name = Release;
		};
/* End XCBuildConfiguration section */

/* Begin XCConfigurationList section */
		D4BBC1301D7EF7BB0058615A /* Build configuration list for PBXProject "FicaFrio" */ = {
			isa = XCConfigurationList;
			buildConfigurations = (
				D4BBC14D1D7EF7BB0058615A /* Debug */,
				D4BBC14E1D7EF7BB0058615A /* Release */,
			);
			defaultConfigurationIsVisible = 0;
			defaultConfigurationName = Release;
		};
		D4BBC14F1D7EF7BB0058615A /* Build configuration list for PBXNativeTarget "FicaFrio" */ = {
			isa = XCConfigurationList;
			buildConfigurations = (
				D4BBC1501D7EF7BB0058615A /* Debug */,
				D4BBC1511D7EF7BB0058615A /* Release */,
			);
			defaultConfigurationIsVisible = 0;
			defaultConfigurationName = Release;
		};
/* End XCConfigurationList section */

/* Begin XCVersionGroup section */
		D4BBC1441D7EF7BB0058615A /* FicaFrio.xcdatamodeld */ = {
			isa = XCVersionGroup;
			children = (
				D4BBC1451D7EF7BB0058615A /* FicaFrio.xcdatamodel */,
			);
			currentVersion = D4BBC1451D7EF7BB0058615A /* FicaFrio.xcdatamodel */;
			path = FicaFrio.xcdatamodeld;
			sourceTree = "<group>";
			versionGroupType = wrapper.xcdatamodel;
		};
/* End XCVersionGroup section */
	};
	rootObject = D4BBC12D1D7EF7BB0058615A /* Project object */;
}
